
Microsoft Visual Studio Solution File, Format Version 12.00
# Visual Studio Version 16
VisualStudioVersion = 16.0.29509.3
MinimumVisualStudioVersion = 10.0.40219.1
Project("{FAE04EC0-301F-11D3-BF4B-00C04F79EFBC}") = "MainApp", "..\MainApp\MainApp.csproj", "{B63C7F1E-DC12-41ED-9A26-3FB0CC8890CC}"
EndProject
Global
	GlobalSection(SolutionConfigurationPlatforms) = preSolution
		Debug|Any CPU = Debug|Any CPU
		Release|Any CPU = Release|Any CPU
	EndGlobalSection
	GlobalSection(ProjectConfigurationPlatforms) = postSolution
		{B63C7F1E-DC12-41ED-9A26-3FB0CC8890CC}.Debug|Any CPU.ActiveCfg = Debug|Any CPU
		{B63C7F1E-DC12-41ED-9A26-3FB0CC8890CC}.Debug|Any CPU.Build.0 = Debug|Any CPU
		{B63C7F1E-DC12-41ED-9A26-3FB0CC8890CC}.Release|Any CPU.ActiveCfg = Release|Any CPU
		{B63C7F1E-DC12-41ED-9A26-3FB0CC8890CC}.Release|Any CPU.Build.0 = Release|Any CPU
	EndGlobalSection
	GlobalSection(SolutionProperties) = preSolution
		HideSolutionNode = FALSE
	EndGlobalSection
	GlobalSection(ExtensibilityGlobals) = postSolution
		SolutionGuid = {1852AB9D-E32C-454D-9B10-2AAB57968C81}
	EndGlobalSection
EndGlobal
